
Microsoft Visual Studio Solution File, Format Version 12.00
Project("{FAE04EC0-301F-11D3-BF4B-00C04F79EFBC}") = "savaged.NGram.Lib", "savaged.NGram.Lib\savaged.NGram.Lib.csproj", "{8F7A49E1-78F1-4851-947D-8CBE04C37B04}"
EndProject
Project("{FAE04EC0-301F-11D3-BF4B-00C04F79EFBC}") = "savaged.NGram.Test", "savaged.NGram.Test\savaged.NGram.Test.csproj", "{0D7F6A64-AE1C-4B7E-B06F-A92D3AFB7878}"
EndProject
Global
	GlobalSection(SolutionConfigurationPlatforms) = preSolution
		Debug|Any CPU = Debug|Any CPU
		Release|Any CPU = Release|Any CPU
	EndGlobalSection
	GlobalSection(ProjectConfigurationPlatforms) = postSolution
		{8F7A49E1-78F1-4851-947D-8CBE04C37B04}.Debug|Any CPU.ActiveCfg = Debug|Any CPU
		{8F7A49E1-78F1-4851-947D-8CBE04C37B04}.Debug|Any CPU.Build.0 = Debug|Any CPU
		{8F7A49E1-78F1-4851-947D-8CBE04C37B04}.Release|Any CPU.ActiveCfg = Release|Any CPU
		{8F7A49E1-78F1-4851-947D-8CBE04C37B04}.Release|Any CPU.Build.0 = Release|Any CPU
		{0D7F6A64-AE1C-4B7E-B06F-A92D3AFB7878}.Debug|Any CPU.ActiveCfg = Debug|Any CPU
		{0D7F6A64-AE1C-4B7E-B06F-A92D3AFB7878}.Debug|Any CPU.Build.0 = Debug|Any CPU
		{0D7F6A64-AE1C-4B7E-B06F-A92D3AFB7878}.Release|Any CPU.ActiveCfg = Release|Any CPU
		{0D7F6A64-AE1C-4B7E-B06F-A92D3AFB7878}.Release|Any CPU.Build.0 = Release|Any CPU
	EndGlobalSection
EndGlobal
